
Microsoft Visual Studio Solution File, Format Version 12.00
# Visual Studio Version 17
VisualStudioVersion = 17.13.35507.96 d17.13
MinimumVisualStudioVersion = 10.0.40219.1
Project("{F2A71F9B-5D33-465A-A702-920D77279786}") = "AdventureWorksApi", "AdventureWorksApi\AdventureWorksApi.fsproj", "{93CBD897-638A-423F-9ADB-FEFB72961CC6}"
EndProject
Global
	GlobalSection(SolutionConfigurationPlatforms) = preSolution
		Debug|Any CPU = Debug|Any CPU
		Release|Any CPU = Release|Any CPU
	EndGlobalSection
	GlobalSection(ProjectConfigurationPlatforms) = postSolution
		{93CBD897-638A-423F-9ADB-FEFB72961CC6}.Debug|Any CPU.ActiveCfg = Debug|Any CPU
		{93CBD897-638A-423F-9ADB-FEFB72961CC6}.Debug|Any CPU.Build.0 = Debug|Any CPU
		{93CBD897-638A-423F-9ADB-FEFB72961CC6}.Release|Any CPU.ActiveCfg = Release|Any CPU
		{93CBD897-638A-423F-9ADB-FEFB72961CC6}.Release|Any CPU.Build.0 = Release|Any CPU
	EndGlobalSection
	GlobalSection(SolutionProperties) = preSolution
		HideSolutionNode = FALSE
	EndGlobalSection
	GlobalSection(ExtensibilityGlobals) = postSolution
		SolutionGuid = {10E93CE5-CA11-4099-BAB2-014BDCF5AAB0}
	EndGlobalSection
EndGlobal
